
Microsoft Visual Studio Solution File, Format Version 12.00
# Visual Studio Version 17
VisualStudioVersion = 17.4.33213.308
MinimumVisualStudioVersion = 10.0.40219.1
Project("{FAE04EC0-301F-11D3-BF4B-00C04F79EFBC}") = "Cola 2", "Cola 2.csproj", "{52AE6ACB-B261-4E95-8AB6-5E51C61FE0A4}"
EndProject
Global
	GlobalSection(SolutionConfigurationPlatforms) = preSolution
		Debug|Any CPU = Debug|Any CPU
		Release|Any CPU = Release|Any CPU
	EndGlobalSection
	GlobalSection(ProjectConfigurationPlatforms) = postSolution
		{52AE6ACB-B261-4E95-8AB6-5E51C61FE0A4}.Debug|Any CPU.ActiveCfg = Debug|Any CPU
		{52AE6ACB-B261-4E95-8AB6-5E51C61FE0A4}.Debug|Any CPU.Build.0 = Debug|Any CPU
		{52AE6ACB-B261-4E95-8AB6-5E51C61FE0A4}.Release|Any CPU.ActiveCfg = Release|Any CPU
		{52AE6ACB-B261-4E95-8AB6-5E51C61FE0A4}.Release|Any CPU.Build.0 = Release|Any CPU
	EndGlobalSection
	GlobalSection(SolutionProperties) = preSolution
		HideSolutionNode = FALSE
	EndGlobalSection
	GlobalSection(ExtensibilityGlobals) = postSolution
		SolutionGuid = {3AEA6104-EDCD-4F70-822D-2C44BEA4A80B}
	EndGlobalSection
EndGlobal
